
Microsoft Visual Studio Solution File, Format Version 12.00
# Visual Studio Version 16
VisualStudioVersion = 16.0.32126.315
MinimumVisualStudioVersion = 10.0.40219.1
Project("{9A19103F-16F7-4668-BE54-9A1E7A4F7556}") = "Pra.AdvancedClasses-AirLine.Wpf", "Pra.AdvancedClasses-AirLine.Wpf\Pra.AdvancedClasses-AirLine.Wpf.csproj", "{3AD10C49-6EFD-4672-BAC6-D8DA94D47B0C}"
EndProject
Project("{9A19103F-16F7-4668-BE54-9A1E7A4F7556}") = "Pra.Airlines.Core", "Pra.Airlines.Core\Pra.Airlines.Core.csproj", "{416815C8-5AD4-4734-8C12-A768FAFEAA31}"
EndProject
Global
	GlobalSection(SolutionConfigurationPlatforms) = preSolution
		Debug|Any CPU = Debug|Any CPU
		Release|Any CPU = Release|Any CPU
	EndGlobalSection
	GlobalSection(ProjectConfigurationPlatforms) = postSolution
		{3AD10C49-6EFD-4672-BAC6-D8DA94D47B0C}.Debug|Any CPU.ActiveCfg = Debug|Any CPU
		{3AD10C49-6EFD-4672-BAC6-D8DA94D47B0C}.Debug|Any CPU.Build.0 = Debug|Any CPU
		{3AD10C49-6EFD-4672-BAC6-D8DA94D47B0C}.Release|Any CPU.ActiveCfg = Release|Any CPU
		{3AD10C49-6EFD-4672-BAC6-D8DA94D47B0C}.Release|Any CPU.Build.0 = Release|Any CPU
		{416815C8-5AD4-4734-8C12-A768FAFEAA31}.Debug|Any CPU.ActiveCfg = Debug|Any CPU
		{416815C8-5AD4-4734-8C12-A768FAFEAA31}.Debug|Any CPU.Build.0 = Debug|Any CPU
		{416815C8-5AD4-4734-8C12-A768FAFEAA31}.Release|Any CPU.ActiveCfg = Release|Any CPU
		{416815C8-5AD4-4734-8C12-A768FAFEAA31}.Release|Any CPU.Build.0 = Release|Any CPU
	EndGlobalSection
	GlobalSection(SolutionProperties) = preSolution
		HideSolutionNode = FALSE
	EndGlobalSection
	GlobalSection(ExtensibilityGlobals) = postSolution
		SolutionGuid = {558FF00A-217F-4B62-8A62-309213CAB1F8}
	EndGlobalSection
EndGlobal
